// !$*UTF8*$!
{
	archiveVersion = 1;
	classes = {
	};
	objectVersion = 50;
	objects = {

/* Begin PBXBuildFile section */
		6ADB7C6124CB82C000137D23 /* AppDelegate.swift in Sources */ = {isa = PBXBuildFile; fileRef = 6ADB7C6024CB82C000137D23 /* AppDelegate.swift */; };
		6ADB7C6324CB82C000137D23 /* SceneDelegate.swift in Sources */ = {isa = PBXBuildFile; fileRef = 6ADB7C6224CB82C000137D23 /* SceneDelegate.swift */; };
		6ADB7C6524CB82C000137D23 /* ContentView.swift in Sources */ = {isa = PBXBuildFile; fileRef = 6ADB7C6424CB82C000137D23 /* ContentView.swift */; };
		6ADB7C6724CB82C300137D23 /* Assets.xcassets in Resources */ = {isa = PBXBuildFile; fileRef = 6ADB7C6624CB82C300137D23 /* Assets.xcassets */; };
		6ADB7C6A24CB82C300137D23 /* Preview Assets.xcassets in Resources */ = {isa = PBXBuildFile; fileRef = 6ADB7C6924CB82C300137D23 /* Preview Assets.xcassets */; };
		6ADB7C6D24CB82C300137D23 /* LaunchScreen.storyboard in Resources */ = {isa = PBXBuildFile; fileRef = 6ADB7C6B24CB82C300137D23 /* LaunchScreen.storyboard */; };
		6ADB7C7524CB82D400137D23 /* CarAssets.xcassets in Resources */ = {isa = PBXBuildFile; fileRef = 6ADB7C7424CB82D400137D23 /* CarAssets.xcassets */; };
		6ADB7C7924CB83C300137D23 /* carData.json in Resources */ = {isa = PBXBuildFile; fileRef = 6ADB7C7824CB83C300137D23 /* carData.json */; };
		6ADB7C8724CB989200137D23 /* Car.swift in Sources */ = {isa = PBXBuildFile; fileRef = 6ADB7C8624CB989200137D23 /* Car.swift */; };
		6ADB7C8924CB98E800137D23 /* CarData.swift in Sources */ = {isa = PBXBuildFile; fileRef = 6ADB7C8824CB98E800137D23 /* CarData.swift */; };
		6ADB7C8B24CB9A9400137D23 /* CarStore.swift in Sources */ = {isa = PBXBuildFile; fileRef = 6ADB7C8A24CB9A9400137D23 /* CarStore.swift */; };
		6ADB7C8D24CB9D2F00137D23 /* CarDetails.swift in Sources */ = {isa = PBXBuildFile; fileRef = 6ADB7C8C24CB9D2F00137D23 /* CarDetails.swift */; };
/* End PBXBuildFile section */

/* Begin PBXFileReference section */
		6ADB7C5D24CB82C000137D23 /* CarAppSwiftUI.app */ = {isa = PBXFileReference; explicitFileType = wrapper.application; includeInIndex = 0; path = CarAppSwiftUI.app; sourceTree = BUILT_PRODUCTS_DIR; };
		6ADB7C6024CB82C000137D23 /* AppDelegate.swift */ = {isa = PBXFileReference; lastKnownFileType = sourcecode.swift; path = AppDelegate.swift; sourceTree = "<group>"; };
		6ADB7C6224CB82C000137D23 /* SceneDelegate.swift */ = {isa = PBXFileReference; lastKnownFileType = sourcecode.swift; path = SceneDelegate.swift; sourceTree = "<group>"; };
		6ADB7C6424CB82C000137D23 /* ContentView.swift */ = {isa = PBXFileReference; lastKnownFileType = sourcecode.swift; path = ContentView.swift; sourceTree = "<group>"; };
		6ADB7C6624CB82C300137D23 /* Assets.xcassets */ = {isa = PBXFileReference; lastKnownFileType = folder.assetcatalog; path = Assets.xcassets; sourceTree = "<group>"; };
		6ADB7C6924CB82C300137D23 /* Preview Assets.xcassets */ = {isa = PBXFileReference; lastKnownFileType = folder.assetcatalog; path = "Preview Assets.xcassets"; sourceTree = "<group>"; };
		6ADB7C6C24CB82C300137D23 /* Base */ = {isa = PBXFileReference; lastKnownFileType = file.storyboard; name = Base; path = Base.lproj/LaunchScreen.storyboard; sourceTree = "<group>"; };
		6ADB7C6E24CB82C300137D23 /* Info.plist */ = {isa = PBXFileReference; lastKnownFileType = text.plist.xml; path = Info.plist; sourceTree = "<group>"; };
		6ADB7C7424CB82D400137D23 /* CarAssets.xcassets */ = {isa = PBXFileReference; lastKnownFileType = folder.assetcatalog; path = CarAssets.xcassets; sourceTree = "<group>"; };
		6ADB7C7824CB83C300137D23 /* carData.json */ = {isa = PBXFileReference; fileEncoding = 4; lastKnownFileType = text.json; path = carData.json; sourceTree = "<group>"; };
		6ADB7C8624CB989200137D23 /* Car.swift */ = {isa = PBXFileReference; lastKnownFileType = sourcecode.swift; name = Car.swift; path = ../Car.swift; sourceTree = "<group>"; };
		6ADB7C8824CB98E800137D23 /* CarData.swift */ = {isa = PBXFileReference; lastKnownFileType = sourcecode.swift; path = CarData.swift; sourceTree = "<group>"; };
		6ADB7C8A24CB9A9400137D23 /* CarStore.swift */ = {isa = PBXFileReference; lastKnownFileType = sourcecode.swift; path = CarStore.swift; sourceTree = "<group>"; };
		6ADB7C8C24CB9D2F00137D23 /* CarDetails.swift */ = {isa = PBXFileReference; lastKnownFileType = sourcecode.swift; path = CarDetails.swift; sourceTree = "<group>"; };
/* End PBXFileReference section */

/* Begin PBXFrameworksBuildPhase section */
		6ADB7C5A24CB82C000137D23 /* Frameworks */ = {
			isa = PBXFrameworksBuildPhase;
			buildActionMask = 2147483647;
			files = (
			);
			runOnlyForDeploymentPostprocessing = 0;
		};
/* End PBXFrameworksBuildPhase section */

/* Begin PBXGroup section */
		6ADB7C5424CB82C000137D23 = {
			isa = PBXGroup;
			children = (
				6ADB7C5F24CB82C000137D23 /* CarAppSwiftUI */,
				6ADB7C5E24CB82C000137D23 /* Products */,
			);
			sourceTree = "<group>";
		};
		6ADB7C5E24CB82C000137D23 /* Products */ = {
			isa = PBXGroup;
			children = (
				6ADB7C5D24CB82C000137D23 /* CarAppSwiftUI.app */,
			);
			name = Products;
			sourceTree = "<group>";
		};
		6ADB7C5F24CB82C000137D23 /* CarAppSwiftUI */ = {
			isa = PBXGroup;
			children = (
				6ADB7C6024CB82C000137D23 /* AppDelegate.swift */,
				6ADB7C6224CB82C000137D23 /* SceneDelegate.swift */,
				6ADB7C8624CB989200137D23 /* Car.swift */,
				6ADB7C8824CB98E800137D23 /* CarData.swift */,
				6ADB7C8A24CB9A9400137D23 /* CarStore.swift */,
				6ADB7C6424CB82C000137D23 /* ContentView.swift */,
				6ADB7C8C24CB9D2F00137D23 /* CarDetails.swift */,
				6ADB7C6624CB82C300137D23 /* Assets.xcassets */,
				6ADB7C6B24CB82C300137D23 /* LaunchScreen.storyboard */,
				6ADB7C6E24CB82C300137D23 /* Info.plist */,
				6ADB7C7824CB83C300137D23 /* carData.json */,
				6ADB7C7424CB82D400137D23 /* CarAssets.xcassets */,
				6ADB7C6824CB82C300137D23 /* Preview Content */,
			);
			path = CarAppSwiftUI;
			sourceTree = "<group>";
		};
		6ADB7C6824CB82C300137D23 /* Preview Content */ = {
			isa = PBXGroup;
			children = (
				6ADB7C6924CB82C300137D23 /* Preview Assets.xcassets */,
			);
			path = "Preview Content";
			sourceTree = "<group>";
		};
/* End PBXGroup section */

/* Begin PBXNativeTarget section */
		6ADB7C5C24CB82C000137D23 /* CarAppSwiftUI */ = {
			isa = PBXNativeTarget;
			buildConfigurationList = 6ADB7C7124CB82C300137D23 /* Build configuration list for PBXNativeTarget "CarAppSwiftUI" */;
			buildPhases = (
				6ADB7C5924CB82C000137D23 /* Sources */,
				6ADB7C5A24CB82C000137D23 /* Frameworks */,
				6ADB7C5B24CB82C000137D23 /* Resources */,
			);
			buildRules = (
			);
			dependencies = (
			);
			name = CarAppSwiftUI;
			productName = CarAppSwiftUI;
			productReference = 6ADB7C5D24CB82C000137D23 /* CarAppSwiftUI.app */;
			productType = "com.apple.product-type.application";
		};
/* End PBXNativeTarget section */

/* Begin PBXProject section */
		6ADB7C5524CB82C000137D23 /* Project object */ = {
			isa = PBXProject;
			attributes = {
				LastSwiftUpdateCheck = 1160;
				LastUpgradeCheck = 1160;
				ORGANIZATIONNAME = Malkhasyan;
				TargetAttributes = {
					6ADB7C5C24CB82C000137D23 = {
						CreatedOnToolsVersion = 11.6;
					};
				};
			};
			buildConfigurationList = 6ADB7C5824CB82C000137D23 /* Build configuration list for PBXProject "CarAppSwiftUI" */;
			compatibilityVersion = "Xcode 9.3";
			developmentRegion = en;
			hasScannedForEncodings = 0;
			knownRegions = (
				en,
				Base,
			);
			mainGroup = 6ADB7C5424CB82C000137D23;
			productRefGroup = 6ADB7C5E24CB82C000137D23 /* Products */;
			projectDirPath = "";
			projectRoot = "";
			targets = (
				6ADB7C5C24CB82C000137D23 /* CarAppSwiftUI */,
			);
		};
/* End PBXProject section */

/* Begin PBXResourcesBuildPhase section */
		6ADB7C5B24CB82C000137D23 /* Resources */ = {
			isa = PBXResourcesBuildPhase;
			buildActionMask = 2147483647;
			files = (
				6ADB7C7924CB83C300137D23 /* carData.json in Resources */,
				6ADB7C6D24CB82C300137D23 /* LaunchScreen.storyboard in Resources */,
				6ADB7C6A24CB82C300137D23 /* Preview Assets.xcassets in Resources */,
				6ADB7C6724CB82C300137D23 /* Assets.xcassets in Resources */,
				6ADB7C7524CB82D400137D23 /* CarAssets.xcassets in Resources */,
			);
			runOnlyForDeploymentPostprocessing = 0;
		};
/* End PBXResourcesBuildPhase section */

/* Begin PBXSourcesBuildPhase section */
		6ADB7C5924CB82C000137D23 /* Sources */ = {
			isa = PBXSourcesBuildPhase;
			buildActionMask = 2147483647;
			files = (
				6ADB7C6124CB82C000137D23 /* AppDelegate.swift in Sources */,
				6ADB7C6324CB82C000137D23 /* SceneDelegate.swift in Sources */,
				6ADB7C8924CB98E800137D23 /* CarData.swift in Sources */,
				6ADB7C8724CB989200137D23 /* Car.swift in Sources */,
				6ADB7C8D24CB9D2F00137D23 /* CarDetails.swift in Sources */,
				6ADB7C8B24CB9A9400137D23 /* CarStore.swift in Sources */,
				6ADB7C6524CB82C000137D23 /* ContentView.swift in Sources */,
			);
			runOnlyForDeploymentPostprocessing = 0;
		};
/* End PBXSourcesBuildPhase section */

/* Begin PBXVariantGroup section */
		6ADB7C6B24CB82C300137D23 /* LaunchScreen.storyboard */ = {
			isa = PBXVariantGroup;
			children = (
				6ADB7C6C24CB82C300137D23 /* Base */,
			);
			name = LaunchScreen.storyboard;
			sourceTree = "<group>";
		};
/* End PBXVariantGroup section */

/* Begin XCBuildConfiguration section */
		6ADB7C6F24CB82C300137D23 /* Debug */ = {
			isa = XCBuildConfiguration;
			buildSettings = {
				ALWAYS_SEARCH_USER_PATHS = NO;
				CLANG_ANALYZER_NONNULL = YES;
				CLANG_ANALYZER_NUMBER_OBJECT_CONVERSION = YES_AGGRESSIVE;
				CLANG_CXX_LANGUAGE_STANDARD = "gnu++14";
				CLANG_CXX_LIBRARY = "libc++";
				CLANG_ENABLE_MODULES = YES;
				CLANG_ENABLE_OBJC_ARC = YES;
				CLANG_ENABLE_OBJC_WEAK = YES;
				CLANG_WARN_BLOCK_CAPTURE_AUTORELEASING = YES;
				CLANG_WARN_BOOL_CONVERSION = YES;
				CLANG_WARN_COMMA = YES;
				CLANG_WARN_CONSTANT_CONVERSION = YES;
				CLANG_WARN_DEPRECATED_OBJC_IMPLEMENTATIONS = YES;
				CLANG_WARN_DIRECT_OBJC_ISA_USAGE = YES_ERROR;
				CLANG_WARN_DOCUMENTATION_COMMENTS = YES;
				CLANG_WARN_EMPTY_BODY = YES;
				CLANG_WARN_ENUM_CONVERSION = YES;
				CLANG_WARN_INFINITE_RECURSION = YES;
				CLANG_WARN_INT_CONVERSION = YES;
				CLANG_WARN_NON_LITERAL_NULL_CONVERSION = YES;
				CLANG_WARN_OBJC_IMPLICIT_RETAIN_SELF = YES;
				CLANG_WARN_OBJC_LITERAL_CONVERSION = YES;
				CLANG_WARN_OBJC_ROOT_CLASS = YES_ERROR;
				CLANG_WARN_RANGE_LOOP_ANALYSIS = YES;
				CLANG_WARN_STRICT_PROTOTYPES = YES;
				CLANG_WARN_SUSPICIOUS_MOVE = YES;
				CLANG_WARN_UNGUARDED_AVAILABILITY = YES_AGGRESSIVE;
				CLANG_WARN_UNREACHABLE_CODE = YES;
				CLANG_WARN__DUPLICATE_METHOD_MATCH = YES;
				COPY_PHASE_STRIP = NO;
				DEBUG_INFORMATION_FORMAT = dwarf;
				ENABLE_STRICT_OBJC_MSGSEND = YES;
				ENABLE_TESTABILITY = YES;
				GCC_C_LANGUAGE_STANDARD = gnu11;
				GCC_DYNAMIC_NO_PIC = NO;
				GCC_NO_COMMON_BLOCKS = YES;
				GCC_OPTIMIZATION_LEVEL = 0;
				GCC_PREPROCESSOR_DEFINITIONS = (
					"DEBUG=1",
					"$(inherited)",
				);
				GCC_WARN_64_TO_32_BIT_CONVERSION = YES;
				GCC_WARN_ABOUT_RETURN_TYPE = YES_ERROR;
				GCC_WARN_UNDECLARED_SELECTOR = YES;
				GCC_WARN_UNINITIALIZED_AUTOS = YES_AGGRESSIVE;
				GCC_WARN_UNUSED_FUNCTION = YES;
				GCC_WARN_UNUSED_VARIABLE = YES;
				IPHONEOS_DEPLOYMENT_TARGET = 13.6;
				MTL_ENABLE_DEBUG_INFO = INCLUDE_SOURCE;
				MTL_FAST_MATH = YES;
				ONLY_ACTIVE_ARCH = YES;
				SDKROOT = iphoneos;
				SWIFT_ACTIVE_COMPILATION_CONDITIONS = DEBUG;
				SWIFT_OPTIMIZATION_LEVEL = "-Onone";
			};
			name = Debug;
		};
		6ADB7C7024CB82C300137D23 /* Release */ = {
			isa = XCBuildConfiguration;
			buildSettings = {
				ALWAYS_SEARCH_USER_PATHS = NO;
				CLANG_ANALYZER_NONNULL = YES;
				CLANG_ANALYZER_NUMBER_OBJECT_CONVERSION = YES_AGGRESSIVE;
				CLANG_CXX_LANGUAGE_STANDARD = "gnu++14";
				CLANG_CXX_LIBRARY = "libc++";
				CLANG_ENABLE_MODULES = YES;
				CLANG_ENABLE_OBJC_ARC = YES;
				CLANG_ENABLE_OBJC_WEAK = YES;
				CLANG_WARN_BLOCK_CAPTURE_AUTORELEASING = YES;
				CLANG_WARN_BOOL_CONVERSION = YES;
				CLANG_WARN_COMMA = YES;
				CLANG_WARN_CONSTANT_CONVERSION = YES;
				CLANG_WARN_DEPRECATED_OBJC_IMPLEMENTATIONS = YES;
				CLANG_WARN_DIRECT_OBJC_ISA_USAGE = YES_ERROR;
				CLANG_WARN_DOCUMENTATION_COMMENTS = YES;
				CLANG_WARN_EMPTY_BODY = YES;
				CLANG_WARN_ENUM_CONVERSION = YES;
				CLANG_WARN_INFINITE_RECURSION = YES;
				CLANG_WARN_INT_CONVERSION = YES;
				CLANG_WARN_NON_LITERAL_NULL_CONVERSION = YES;
				CLANG_WARN_OBJC_IMPLICIT_RETAIN_SELF = YES;
				CLANG_WARN_OBJC_LITERAL_CONVERSION = YES;
				CLANG_WARN_OBJC_ROOT_CLASS = YES_ERROR;
				CLANG_WARN_RANGE_LOOP_ANALYSIS = YES;
				CLANG_WARN_STRICT_PROTOTYPES = YES;
				CLANG_WARN_SUSPICIOUS_MOVE = YES;
				CLANG_WARN_UNGUARDED_AVAILABILITY = YES_AGGRESSIVE;
				CLANG_WARN_UNREACHABLE_CODE = YES;
				CLANG_WARN__DUPLICATE_METHOD_MATCH = YES;
				COPY_PHASE_STRIP = NO;
				DEBUG_INFORMATION_FORMAT = "dwarf-with-dsym";
				ENABLE_NS_ASSERTIONS = NO;
				ENABLE_STRICT_OBJC_MSGSEND = YES;
				GCC_C_LANGUAGE_STANDARD = gnu11;
				GCC_NO_COMMON_BLOCKS = YES;
				GCC_WARN_64_TO_32_BIT_CONVERSION = YES;
				GCC_WARN_ABOUT_RETURN_TYPE = YES_ERROR;
				GCC_WARN_UNDECLARED_SELECTOR = YES;
				GCC_WARN_UNINITIALIZED_AUTOS = YES_AGGRESSIVE;
				GCC_WARN_UNUSED_FUNCTION = YES;
				GCC_WARN_UNUSED_VARIABLE = YES;
				IPHONEOS_DEPLOYMENT_TARGET = 13.6;
				MTL_ENABLE_DEBUG_INFO = NO;
				MTL_FAST_MATH = YES;
				SDKROOT = iphoneos;
				SWIFT_COMPILATION_MODE = wholemodule;
				SWIFT_OPTIMIZATION_LEVEL = "-O";
				VALIDATE_PRODUCT = YES;
			};
			name = Release;
		};
		6ADB7C7224CB82C300137D23 /* Debug */ = {
			isa = XCBuildConfiguration;
			buildSettings = {
				ASSETCATALOG_COMPILER_APPICON_NAME = AppIcon;
				CODE_SIGN_STYLE = Automatic;
				DEVELOPMENT_ASSET_PATHS = "\"CarAppSwiftUI/Preview Content\"";
				DEVELOPMENT_TEAM = CVH85UHVWD;
				ENABLE_PREVIEWS = YES;
				INFOPLIST_FILE = CarAppSwiftUI/Info.plist;
				LD_RUNPATH_SEARCH_PATHS = (
					"$(inherited)",
					"@executable_path/Frameworks",
				);
				PRODUCT_BUNDLE_IDENTIFIER = georgi.malkhasyan.HealthyPost.CarAppSwiftUI;
				PRODUCT_NAME = "$(TARGET_NAME)";
				SWIFT_VERSION = 5.0;
				TARGETED_DEVICE_FAMILY = "1,2";
			};
			name = Debug;
		};
		6ADB7C7324CB82C300137D23 /* Release */ = {
			isa = XCBuildConfiguration;
			buildSettings = {
				ASSETCATALOG_COMPILER_APPICON_NAME = AppIcon;
				CODE_SIGN_STYLE = Automatic;
				DEVELOPMENT_ASSET_PATHS = "\"CarAppSwiftUI/Preview Content\"";
				DEVELOPMENT_TEAM = CVH85UHVWD;
				ENABLE_PREVIEWS = YES;
				INFOPLIST_FILE = CarAppSwiftUI/Info.plist;
				LD_RUNPATH_SEARCH_PATHS = (
					"$(inherited)",
					"@executable_path/Frameworks",
				);
				PRODUCT_BUNDLE_IDENTIFIER = georgi.malkhasyan.HealthyPost.CarAppSwiftUI;
				PRODUCT_NAME = "$(TARGET_NAME)";
				SWIFT_VERSION = 5.0;
				TARGETED_DEVICE_FAMILY = "1,2";
			};
			name = Release;
		};
/* End XCBuildConfiguration section */

/* Begin XCConfigurationList section */
		6ADB7C5824CB82C000137D23 /* Build configuration list for PBXProject "CarAppSwiftUI" */ = {
			isa = XCConfigurationList;
			buildConfigurations = (
				6ADB7C6F24CB82C300137D23 /* Debug */,
				6ADB7C7024CB82C300137D23 /* Release */,
			);
			defaultConfigurationIsVisible = 0;
			defaultConfigurationName = Release;
		};
		6ADB7C7124CB82C300137D23 /* Build configuration list for PBXNativeTarget "CarAppSwiftUI" */ = {
			isa = XCConfigurationList;
			buildConfigurations = (
				6ADB7C7224CB82C300137D23 /* Debug */,
				6ADB7C7324CB82C300137D23 /* Release */,
			);
			defaultConfigurationIsVisible = 0;
			defaultConfigurationName = Release;
		};
/* End XCConfigurationList section */
	};
	rootObject = 6ADB7C5524CB82C000137D23 /* Project object */;
}
